
Microsoft Visual Studio Solution File, Format Version 12.00
# Visual Studio Version 17
VisualStudioVersion = 17.5.002.0
MinimumVisualStudioVersion = 10.0.40219.1
Project("{9A19103F-16F7-4668-BE54-9A1E7A4F7556}") = "dotnet-agarson-webapp", "dotnet-agarson-webapp.csproj", "{F786BBB8-70CB-48A3-9D2E-0A24CD9C478E}"
EndProject
Global
	GlobalSection(SolutionConfigurationPlatforms) = preSolution
		Debug|Any CPU = Debug|Any CPU
		Release|Any CPU = Release|Any CPU
	EndGlobalSection
	GlobalSection(ProjectConfigurationPlatforms) = postSolution
		{F786BBB8-70CB-48A3-9D2E-0A24CD9C478E}.Debug|Any CPU.ActiveCfg = Debug|Any CPU
		{F786BBB8-70CB-48A3-9D2E-0A24CD9C478E}.Debug|Any CPU.Build.0 = Debug|Any CPU
		{F786BBB8-70CB-48A3-9D2E-0A24CD9C478E}.Release|Any CPU.ActiveCfg = Release|Any CPU
		{F786BBB8-70CB-48A3-9D2E-0A24CD9C478E}.Release|Any CPU.Build.0 = Release|Any CPU
	EndGlobalSection
	GlobalSection(SolutionProperties) = preSolution
		HideSolutionNode = FALSE
	EndGlobalSection
	GlobalSection(ExtensibilityGlobals) = postSolution
		SolutionGuid = {CACA57F2-5C11-4115-8267-77FFB7AEBA9A}
	EndGlobalSection
EndGlobal
